Microsoft Visual Studio Solution File, Format Version 12.00
# Visual Studio Version 17
VisualStudioVersion = 17.0.31423.177
MinimumVisualStudioVersion = 10.0.40219.1
Project("{9A19103F-16F7-4668-BE54-9A1E7A4F7556}") = "MediaCleaner", "MediaCleaner\MediaCleaner.csproj", "{049B6412-F362-482A-A163-1C33C111CBCF}"
EndProject
Global
	GlobalSection(SolutionConfigurationPlatforms) = preSolution
		Debug|Any CPU = Debug|Any CPU
		Release|Any CPU = Release|Any CPU
	EndGlobalSection
	GlobalSection(ProjectConfigurationPlatforms) = postSolution
		{049B6412-F362-482A-A163-1C33C111CBCF}.Debug|Any CPU.ActiveCfg = Debug|Any CPU
		{049B6412-F362-482A-A163-1C33C111CBCF}.Debug|Any CPU.Build.0 = Debug|Any CPU
		{049B6412-F362-482A-A163-1C33C111CBCF}.Release|Any CPU.ActiveCfg = Release|Any CPU
		{049B6412-F362-482A-A163-1C33C111CBCF}.Release|Any CPU.Build.0 = Release|Any CPU
	EndGlobalSection
	GlobalSection(SolutionProperties) = preSolution
		HideSolutionNode = FALSE
	EndGlobalSection
	GlobalSection(ExtensibilityGlobals) = postSolution
		SolutionGuid = {81443674-CA9C-4305-8735-3094E03A2FA5}
	EndGlobalSection
EndGlobal
